<?xml version="1.0" encoding="UTF-8" standalone="yes" ?>
<CodeBlocks_project_file>
	<FileVersion major="1" minor="6" />
	<Project>
		<Option title="caro" />
		<Option pch_mode="2" />
		<Option compiler="gcc" />
		<Build>
			<Target title="Debug">
				<Option output="bin/Debug/caro" prefix_auto="1" extension_auto="1" />
				<Option object_output="obj/Debug/" />
				<Option type="1" />
				<Option compiler="gcc" />
				<Compiler>
					<Add option="-g" />
					<Add directory="../../../../mingw_dev_lib/SDL2-2.30.2/x86_64-w64-mingw32/include/SDL2" />
					<Add directory="../../../../mingw_dev_lib/SDL2_image-2.8.2/x86_64-w64-mingw32/include/SDL2" />
					<Add directory="../../../../mingw_dev_lib/SDL2_mixer-2.8.0/x86_64-w64-mingw32/include/SDL2" />
					<Add directory="../../mingw_dev_lib/SDL2_ttf-devel-2.22.0-mingw/SDL2_ttf-2.22.0/x86_64-w64-mingw32/include/SDL2" />
				</Compiler>
				<Linker>
					<Add option="-lmingw32 -lSDL2main -lSDL2 -lSDL2_image -lSDL2_mixer" />
					<Add option="-lSDL2_ttf" />
					<Add directory="../../../../mingw_dev_lib/SDL2-2.30.2/x86_64-w64-mingw32/lib" />
					<Add directory="../../../../mingw_dev_lib/SDL2_image-2.8.2/x86_64-w64-mingw32/lib" />
					<Add directory="../../../../mingw_dev_lib/SDL2_mixer-2.8.0/x86_64-w64-mingw32/lib" />
					<Add directory="../../mingw_dev_lib/SDL2_ttf-devel-2.22.0-mingw/SDL2_ttf-2.22.0/x86_64-w64-mingw32/lib" />
				</Linker>
			</Target>
			<Target title="Release">
				<Option output="bin/Release/caro" prefix_auto="1" extension_auto="1" />
				<Option object_output="obj/Release/" />
				<Option type="1" />
				<Option compiler="gcc" />
				<Compiler>
					<Add option="-O2" />
				</Compiler>
				<Linker>
					<Add option="-s" />
				</Linker>
			</Target>
		</Build>
		<Compiler>
			<Add option="-Wall" />
			<Add directory="../../MinGW/SDL2/x86_64-w64-mingw32/include/SDL2" />
			<Add directory="../../MinGW/SDL2_image-2.8.2/x86_64-w64-mingw32/include/SDL2" />
			<Add directory="../../MinGW/SDL2_mixer-devel-2.8.0-mingw/SDL2_mixer-2.8.0/x86_64-w64-mingw32/include/SDL2" />
		</Compiler>
		<Linker>
			<Add option="-lmingw32 -lSDL2main -lSDL2 -lSDL2_image -lSDL2_mixer" />
			<Add directory="../../MinGW/SDL2_image-2.8.2/x86_64-w64-mingw32/lib" />
			<Add directory="../../MinGW/SDL2/x86_64-w64-mingw32/lib" />
			<Add directory="../../MinGW/SDL2_mixer-devel-2.8.0-mingw/SDL2_mixer-2.8.0/x86_64-w64-mingw32/lib" />
		</Linker>
		<Unit filename="constant.h" />
		<Unit filename="game.cpp" />
		<Unit filename="game.h" />
		<Unit filename="game_func.cpp" />
		<Unit filename="game_func.h" />
		<Unit filename="main.cpp" />
		<Unit filename="media.cpp" />
		<Unit filename="media.h" />
		<Unit filename="oneplayer.cpp" />
		<Unit filename="oneplayer.h" />
		<Unit filename="twoplayer.cpp" />
		<Unit filename="twoplayer.h" />
		<Extensions>
			<lib_finder disable_auto="1" />
		</Extensions>
	</Project>
</CodeBlocks_project_file>
